
Microsoft Visual Studio Solution File, Format Version 12.00
# Visual Studio 15
VisualStudioVersion = 15.0.28307.779
MinimumVisualStudioVersion = 10.0.40219.1
Project("{FAE04EC0-301F-11D3-BF4B-00C04F79EFBC}") = "RPCServer", "RPCServer\RPCServer.csproj", "{37E499A0-7C4B-439A-A920-2CBFDCAE2019}"
EndProject
Project("{FAE04EC0-301F-11D3-BF4B-00C04F79EFBC}") = "RPCClient", "RPCClient\RPCClient.csproj", "{64C036D5-CD19-4D2D-9069-492AC0E79F96}"
EndProject
Project("{FAE04EC0-301F-11D3-BF4B-00C04F79EFBC}") = "GRPC-Student", "GRPC-Student\GRPC-Student.csproj", "{BFA0A419-E5B0-40AA-BAF1-2FDF99D782F8}"
EndProject
Global
	GlobalSection(SolutionConfigurationPlatforms) = preSolution
		Debug|Any CPU = Debug|Any CPU
		Release|Any CPU = Release|Any CPU
	EndGlobalSection
	GlobalSection(ProjectConfigurationPlatforms) = postSolution
		{37E499A0-7C4B-439A-A920-2CBFDCAE2019}.Debug|Any CPU.ActiveCfg = Debug|Any CPU
		{37E499A0-7C4B-439A-A920-2CBFDCAE2019}.Debug|Any CPU.Build.0 = Debug|Any CPU
		{37E499A0-7C4B-439A-A920-2CBFDCAE2019}.Release|Any CPU.ActiveCfg = Release|Any CPU
		{37E499A0-7C4B-439A-A920-2CBFDCAE2019}.Release|Any CPU.Build.0 = Release|Any CPU
		{64C036D5-CD19-4D2D-9069-492AC0E79F96}.Debug|Any CPU.ActiveCfg = Debug|Any CPU
		{64C036D5-CD19-4D2D-9069-492AC0E79F96}.Debug|Any CPU.Build.0 = Debug|Any CPU
		{64C036D5-CD19-4D2D-9069-492AC0E79F96}.Release|Any CPU.ActiveCfg = Release|Any CPU
		{64C036D5-CD19-4D2D-9069-492AC0E79F96}.Release|Any CPU.Build.0 = Release|Any CPU
		{BFA0A419-E5B0-40AA-BAF1-2FDF99D782F8}.Debug|Any CPU.ActiveCfg = Debug|Any CPU
		{BFA0A419-E5B0-40AA-BAF1-2FDF99D782F8}.Debug|Any CPU.Build.0 = Debug|Any CPU
		{BFA0A419-E5B0-40AA-BAF1-2FDF99D782F8}.Release|Any CPU.ActiveCfg = Release|Any CPU
		{BFA0A419-E5B0-40AA-BAF1-2FDF99D782F8}.Release|Any CPU.Build.0 = Release|Any CPU
	EndGlobalSection
	GlobalSection(SolutionProperties) = preSolution
		HideSolutionNode = FALSE
	EndGlobalSection
	GlobalSection(ExtensibilityGlobals) = postSolution
		SolutionGuid = {15CBAAD1-7CDE-4D92-AE93-605E8B9F69A5}
	EndGlobalSection
EndGlobal
